
Microsoft Visual Studio Solution File, Format Version 12.00
# Visual Studio Version 17
VisualStudioVersion = 17.11.35222.181
MinimumVisualStudioVersion = 10.0.40219.1
Project("{9A19103F-16F7-4668-BE54-9A1E7A4F7556}") = "MaelstromNode", "MaelstromNode\MaelstromNode.csproj", "{72364C67-2D77-4F9B-A261-93BB55051330}"
EndProject
Global
	GlobalSection(SolutionConfigurationPlatforms) = preSolution
		Debug|Any CPU = Debug|Any CPU
		Release|Any CPU = Release|Any CPU
	EndGlobalSection
	GlobalSection(ProjectConfigurationPlatforms) = postSolution
		{72364C67-2D77-4F9B-A261-93BB55051330}.Debug|Any CPU.ActiveCfg = Debug|Any CPU
		{72364C67-2D77-4F9B-A261-93BB55051330}.Debug|Any CPU.Build.0 = Debug|Any CPU
		{72364C67-2D77-4F9B-A261-93BB55051330}.Release|Any CPU.ActiveCfg = Release|Any CPU
		{72364C67-2D77-4F9B-A261-93BB55051330}.Release|Any CPU.Build.0 = Release|Any CPU
	EndGlobalSection
	GlobalSection(SolutionProperties) = preSolution
		HideSolutionNode = FALSE
	EndGlobalSection
	GlobalSection(ExtensibilityGlobals) = postSolution
		SolutionGuid = {5C26E0D1-5A17-46F2-BB71-FCBD835BD15B}
	EndGlobalSection
EndGlobal
